
Microsoft Visual Studio Solution File, Format Version 12.00
# Visual Studio 2013
VisualStudioVersion = 12.0.21005.1
MinimumVisualStudioVersion = 10.0.40219.1
Project("{FAE04EC0-301F-11D3-BF4B-00C04F79EFBC}") = "MailingAddressApp", "MailingAddressApp\MailingAddressApp.csproj", "{140592F0-D855-465F-962F-82AB1465D714}"
EndProject
Project("{FAE04EC0-301F-11D3-BF4B-00C04F79EFBC}") = "MailingAddressApp.Tests", "MailingAddressApp.Tests\MailingAddressApp.Tests.csproj", "{9AD3F11E-8D78-4334-9CA1-64BAE2B84DF4}"
EndProject
Global
	GlobalSection(SolutionConfigurationPlatforms) = preSolution
		Debug|Any CPU = Debug|Any CPU
		Release|Any CPU = Release|Any CPU
	EndGlobalSection
	GlobalSection(ProjectConfigurationPlatforms) = postSolution
		{140592F0-D855-465F-962F-82AB1465D714}.Debug|Any CPU.ActiveCfg = Debug|Any CPU
		{140592F0-D855-465F-962F-82AB1465D714}.Debug|Any CPU.Build.0 = Debug|Any CPU
		{140592F0-D855-465F-962F-82AB1465D714}.Release|Any CPU.ActiveCfg = Release|Any CPU
		{140592F0-D855-465F-962F-82AB1465D714}.Release|Any CPU.Build.0 = Release|Any CPU
		{9AD3F11E-8D78-4334-9CA1-64BAE2B84DF4}.Debug|Any CPU.ActiveCfg = Debug|Any CPU
		{9AD3F11E-8D78-4334-9CA1-64BAE2B84DF4}.Debug|Any CPU.Build.0 = Debug|Any CPU
		{9AD3F11E-8D78-4334-9CA1-64BAE2B84DF4}.Release|Any CPU.ActiveCfg = Release|Any CPU
		{9AD3F11E-8D78-4334-9CA1-64BAE2B84DF4}.Release|Any CPU.Build.0 = Release|Any CPU
	EndGlobalSection
	GlobalSection(SolutionProperties) = preSolution
		HideSolutionNode = FALSE
	EndGlobalSection
EndGlobal
